
Microsoft Visual Studio Solution File, Format Version 12.00
# Visual Studio Version 16
VisualStudioVersion = 16.0.30611.23
MinimumVisualStudioVersion = 10.0.40219.1
Project("{FAE04EC0-301F-11D3-BF4B-00C04F79EFBC}") = "IntegracaoBindingBD", "IntegracaoBindingBD\IntegracaoBindingBD.csproj", "{0E1A80CB-37C1-40DD-8E1E-9EC0518F4B95}"
EndProject
Global
	GlobalSection(SolutionConfigurationPlatforms) = preSolution
		Debug|Any CPU = Debug|Any CPU
		Release|Any CPU = Release|Any CPU
	EndGlobalSection
	GlobalSection(ProjectConfigurationPlatforms) = postSolution
		{0E1A80CB-37C1-40DD-8E1E-9EC0518F4B95}.Debug|Any CPU.ActiveCfg = Debug|Any CPU
		{0E1A80CB-37C1-40DD-8E1E-9EC0518F4B95}.Debug|Any CPU.Build.0 = Debug|Any CPU
		{0E1A80CB-37C1-40DD-8E1E-9EC0518F4B95}.Release|Any CPU.ActiveCfg = Release|Any CPU
		{0E1A80CB-37C1-40DD-8E1E-9EC0518F4B95}.Release|Any CPU.Build.0 = Release|Any CPU
	EndGlobalSection
	GlobalSection(SolutionProperties) = preSolution
		HideSolutionNode = FALSE
	EndGlobalSection
	GlobalSection(ExtensibilityGlobals) = postSolution
		SolutionGuid = {4F1DC2FA-B24E-452F-B04C-0DC1684D0C76}
	EndGlobalSection
EndGlobal
